
Microsoft Visual Studio Solution File, Format Version 12.00
# Visual Studio Version 16
VisualStudioVersion = 16.0.31624.102
MinimumVisualStudioVersion = 10.0.40219.1
Project("{2150E333-8FDC-42A3-9474-1A3956D46DE8}") = "B1", "B1", "{CB9BCB5E-B649-489A-91DC-6FCF80A092B1}"
EndProject
Project("{2150E333-8FDC-42A3-9474-1A3956D46DE8}") = "B2", "B2", "{66327C87-9295-4BDB-A58F-E09D2D5E037A}"
EndProject
Project("{2150E333-8FDC-42A3-9474-1A3956D46DE8}") = "B3", "B3", "{5294BCDE-6F76-46E1-95CD-0BB744B2A050}"
EndProject
Project("{2150E333-8FDC-42A3-9474-1A3956D46DE8}") = "B4", "B4", "{D43E9692-F805-4D1F-8180-84D589BB3C3E}"
EndProject
Project("{FAE04EC0-301F-11D3-BF4B-00C04F79EFBC}") = "ReferenzeValueType", "ReferenzeValueType\ReferenzeValueType.csproj", "{EE17A05D-D0D8-4BBE-901B-EEC6825AC497}"
EndProject
Global
	GlobalSection(SolutionConfigurationPlatforms) = preSolution
		Debug|Any CPU = Debug|Any CPU
		Release|Any CPU = Release|Any CPU
	EndGlobalSection
	GlobalSection(ProjectConfigurationPlatforms) = postSolution
		{EE17A05D-D0D8-4BBE-901B-EEC6825AC497}.Debug|Any CPU.ActiveCfg = Debug|Any CPU
		{EE17A05D-D0D8-4BBE-901B-EEC6825AC497}.Debug|Any CPU.Build.0 = Debug|Any CPU
		{EE17A05D-D0D8-4BBE-901B-EEC6825AC497}.Release|Any CPU.ActiveCfg = Release|Any CPU
		{EE17A05D-D0D8-4BBE-901B-EEC6825AC497}.Release|Any CPU.Build.0 = Release|Any CPU
	EndGlobalSection
	GlobalSection(SolutionProperties) = preSolution
		HideSolutionNode = FALSE
	EndGlobalSection
	GlobalSection(NestedProjects) = preSolution
		{EE17A05D-D0D8-4BBE-901B-EEC6825AC497} = {CB9BCB5E-B649-489A-91DC-6FCF80A092B1}
	EndGlobalSection
	GlobalSection(ExtensibilityGlobals) = postSolution
		SolutionGuid = {D4E31B41-9470-4E5F-A6A4-480123495A81}
	EndGlobalSection
EndGlobal
