
Microsoft Visual Studio Solution File, Format Version 12.00
# Visual Studio Version 16
VisualStudioVersion = 16.0.31624.102
MinimumVisualStudioVersion = 10.0.40219.1
Project("{2150E333-8FDC-42A3-9474-1A3956D46DE8}") = "B1", "B1", "{CB9BCB5E-B649-489A-91DC-6FCF80A092B1}"
EndProject
Project("{2150E333-8FDC-42A3-9474-1A3956D46DE8}") = "B2", "B2", "{66327C87-9295-4BDB-A58F-E09D2D5E037A}"
EndProject
Project("{2150E333-8FDC-42A3-9474-1A3956D46DE8}") = "B3", "B3", "{5294BCDE-6F76-46E1-95CD-0BB744B2A050}"
EndProject
Project("{2150E333-8FDC-42A3-9474-1A3956D46DE8}") = "B4", "B4", "{D43E9692-F805-4D1F-8180-84D589BB3C3E}"
EndProject
Project("{FAE04EC0-301F-11D3-BF4B-00C04F79EFBC}") = "ReferenzeValueType", "ReferenzeValueType\ReferenzeValueType.csproj", "{EE17A05D-D0D8-4BBE-901B-EEC6825AC497}"
EndProject
Project("{FAE04EC0-301F-11D3-BF4B-00C04F79EFBC}") = "ArrayListSimple", "ArryListSimple\ArrayListSimple.csproj", "{169C0E66-AB88-4111-B634-690B62531EC3}"
EndProject
Project("{FAE04EC0-301F-11D3-BF4B-00C04F79EFBC}") = "ArrayListSimple.Test", "ArrayListSimple.Test\ArrayListSimple.Test.csproj", "{B9D49769-73DB-4025-9592-80CC141F5B28}"
EndProject
Project("{FAE04EC0-301F-11D3-BF4B-00C04F79EFBC}") = "T1", "T1\T1.csproj", "{BFE1FA27-3634-4CC5-A3F1-EAEF1E1A8C2A}"
EndProject
Project("{FAE04EC0-301F-11D3-BF4B-00C04F79EFBC}") = "HA", "HA\HA.csproj", "{86F29B66-617D-4677-9BFD-BAB2D317F0B1}"
EndProject
Project("{FAE04EC0-301F-11D3-BF4B-00C04F79EFBC}") = "LinkedListSimple", "LinkedListSimple\LinkedListSimple.csproj", "{A36CD0B4-5BFD-467E-8DBB-6C4A22F22BE3}"
EndProject
Project("{FAE04EC0-301F-11D3-BF4B-00C04F79EFBC}") = "Enumerationen", "Enumerationen\Enumerationen.csproj", "{84FF689F-B838-40BA-ACFA-1D7E3E6D9F2E}"
EndProject
Project("{FAE04EC0-301F-11D3-BF4B-00C04F79EFBC}") = "StatistikTool", "StatistikTool\StatistikTool.csproj", "{0AE926AF-7078-43ED-B3B0-EFDC3F484C4D}"
EndProject
Project("{FAE04EC0-301F-11D3-BF4B-00C04F79EFBC}") = "T2", "T2\T2.csproj", "{A6467BA4-86FB-40CB-A03D-3BF5FE745284}"
EndProject
Global
	GlobalSection(SolutionConfigurationPlatforms) = preSolution
		Debug|Any CPU = Debug|Any CPU
		Release|Any CPU = Release|Any CPU
	EndGlobalSection
	GlobalSection(ProjectConfigurationPlatforms) = postSolution
		{EE17A05D-D0D8-4BBE-901B-EEC6825AC497}.Debug|Any CPU.ActiveCfg = Debug|Any CPU
		{EE17A05D-D0D8-4BBE-901B-EEC6825AC497}.Debug|Any CPU.Build.0 = Debug|Any CPU
		{EE17A05D-D0D8-4BBE-901B-EEC6825AC497}.Release|Any CPU.ActiveCfg = Release|Any CPU
		{EE17A05D-D0D8-4BBE-901B-EEC6825AC497}.Release|Any CPU.Build.0 = Release|Any CPU
		{169C0E66-AB88-4111-B634-690B62531EC3}.Debug|Any CPU.ActiveCfg = Debug|Any CPU
		{169C0E66-AB88-4111-B634-690B62531EC3}.Debug|Any CPU.Build.0 = Debug|Any CPU
		{169C0E66-AB88-4111-B634-690B62531EC3}.Release|Any CPU.ActiveCfg = Release|Any CPU
		{169C0E66-AB88-4111-B634-690B62531EC3}.Release|Any CPU.Build.0 = Release|Any CPU
		{B9D49769-73DB-4025-9592-80CC141F5B28}.Debug|Any CPU.ActiveCfg = Debug|Any CPU
		{B9D49769-73DB-4025-9592-80CC141F5B28}.Debug|Any CPU.Build.0 = Debug|Any CPU
		{B9D49769-73DB-4025-9592-80CC141F5B28}.Release|Any CPU.ActiveCfg = Release|Any CPU
		{B9D49769-73DB-4025-9592-80CC141F5B28}.Release|Any CPU.Build.0 = Release|Any CPU
		{BFE1FA27-3634-4CC5-A3F1-EAEF1E1A8C2A}.Debug|Any CPU.ActiveCfg = Debug|Any CPU
		{BFE1FA27-3634-4CC5-A3F1-EAEF1E1A8C2A}.Debug|Any CPU.Build.0 = Debug|Any CPU
		{BFE1FA27-3634-4CC5-A3F1-EAEF1E1A8C2A}.Release|Any CPU.ActiveCfg = Release|Any CPU
		{BFE1FA27-3634-4CC5-A3F1-EAEF1E1A8C2A}.Release|Any CPU.Build.0 = Release|Any CPU
		{86F29B66-617D-4677-9BFD-BAB2D317F0B1}.Debug|Any CPU.ActiveCfg = Debug|Any CPU
		{86F29B66-617D-4677-9BFD-BAB2D317F0B1}.Debug|Any CPU.Build.0 = Debug|Any CPU
		{86F29B66-617D-4677-9BFD-BAB2D317F0B1}.Release|Any CPU.ActiveCfg = Release|Any CPU
		{86F29B66-617D-4677-9BFD-BAB2D317F0B1}.Release|Any CPU.Build.0 = Release|Any CPU
		{A36CD0B4-5BFD-467E-8DBB-6C4A22F22BE3}.Debug|Any CPU.ActiveCfg = Debug|Any CPU
		{A36CD0B4-5BFD-467E-8DBB-6C4A22F22BE3}.Debug|Any CPU.Build.0 = Debug|Any CPU
		{A36CD0B4-5BFD-467E-8DBB-6C4A22F22BE3}.Release|Any CPU.ActiveCfg = Release|Any CPU
		{A36CD0B4-5BFD-467E-8DBB-6C4A22F22BE3}.Release|Any CPU.Build.0 = Release|Any CPU
		{84FF689F-B838-40BA-ACFA-1D7E3E6D9F2E}.Debug|Any CPU.ActiveCfg = Debug|Any CPU
		{84FF689F-B838-40BA-ACFA-1D7E3E6D9F2E}.Debug|Any CPU.Build.0 = Debug|Any CPU
		{84FF689F-B838-40BA-ACFA-1D7E3E6D9F2E}.Release|Any CPU.ActiveCfg = Release|Any CPU
		{84FF689F-B838-40BA-ACFA-1D7E3E6D9F2E}.Release|Any CPU.Build.0 = Release|Any CPU
		{0AE926AF-7078-43ED-B3B0-EFDC3F484C4D}.Debug|Any CPU.ActiveCfg = Debug|Any CPU
		{0AE926AF-7078-43ED-B3B0-EFDC3F484C4D}.Debug|Any CPU.Build.0 = Debug|Any CPU
		{0AE926AF-7078-43ED-B3B0-EFDC3F484C4D}.Release|Any CPU.ActiveCfg = Release|Any CPU
		{0AE926AF-7078-43ED-B3B0-EFDC3F484C4D}.Release|Any CPU.Build.0 = Release|Any CPU
		{A6467BA4-86FB-40CB-A03D-3BF5FE745284}.Debug|Any CPU.ActiveCfg = Debug|Any CPU
		{A6467BA4-86FB-40CB-A03D-3BF5FE745284}.Debug|Any CPU.Build.0 = Debug|Any CPU
		{A6467BA4-86FB-40CB-A03D-3BF5FE745284}.Release|Any CPU.ActiveCfg = Release|Any CPU
		{A6467BA4-86FB-40CB-A03D-3BF5FE745284}.Release|Any CPU.Build.0 = Release|Any CPU
	EndGlobalSection
	GlobalSection(SolutionProperties) = preSolution
		HideSolutionNode = FALSE
	EndGlobalSection
	GlobalSection(NestedProjects) = preSolution
		{EE17A05D-D0D8-4BBE-901B-EEC6825AC497} = {CB9BCB5E-B649-489A-91DC-6FCF80A092B1}
		{169C0E66-AB88-4111-B634-690B62531EC3} = {CB9BCB5E-B649-489A-91DC-6FCF80A092B1}
		{B9D49769-73DB-4025-9592-80CC141F5B28} = {CB9BCB5E-B649-489A-91DC-6FCF80A092B1}
		{BFE1FA27-3634-4CC5-A3F1-EAEF1E1A8C2A} = {66327C87-9295-4BDB-A58F-E09D2D5E037A}
		{86F29B66-617D-4677-9BFD-BAB2D317F0B1} = {5294BCDE-6F76-46E1-95CD-0BB744B2A050}
		{A36CD0B4-5BFD-467E-8DBB-6C4A22F22BE3} = {5294BCDE-6F76-46E1-95CD-0BB744B2A050}
		{84FF689F-B838-40BA-ACFA-1D7E3E6D9F2E} = {D43E9692-F805-4D1F-8180-84D589BB3C3E}
		{0AE926AF-7078-43ED-B3B0-EFDC3F484C4D} = {D43E9692-F805-4D1F-8180-84D589BB3C3E}
		{A6467BA4-86FB-40CB-A03D-3BF5FE745284} = {D43E9692-F805-4D1F-8180-84D589BB3C3E}
	EndGlobalSection
	GlobalSection(ExtensibilityGlobals) = postSolution
		SolutionGuid = {D4E31B41-9470-4E5F-A6A4-480123495A81}
	EndGlobalSection
EndGlobal
